
Microsoft Visual Studio Solution File, Format Version 12.00
# Visual Studio Version 16
VisualStudioVersion = 16.0.30517.126
MinimumVisualStudioVersion = 10.0.40219.1
Project("{9A19103F-16F7-4668-BE54-9A1E7A4F7556}") = "ConfigManagerApi", "ConfigManagerApi\ConfigManagerApi.csproj", "{708ACDFF-63DB-42C9-B94A-668EB2A9E80F}"
EndProject
Project("{9A19103F-16F7-4668-BE54-9A1E7A4F7556}") = "ObjectsInterfacesLibrary", "ObjectsInterfacesLibrary\ObjectsInterfacesLibrary.csproj", "{E9003FDF-58F6-414A-A2BF-93FC90249A89}"
EndProject
Project("{9A19103F-16F7-4668-BE54-9A1E7A4F7556}") = "ConfigManager", "ConfigManager\ConfigManager.csproj", "{B5030447-0A85-4402-AED5-E73691F7AE69}"
EndProject
Project("{FAE04EC0-301F-11D3-BF4B-00C04F79EFBC}") = "ConfigManagerTests", "ConfigManagerTests\ConfigManagerTests.csproj", "{264D41B8-19EC-4193-A570-8CAB15314006}"
EndProject
Global
	GlobalSection(SolutionConfigurationPlatforms) = preSolution
		Debug|Any CPU = Debug|Any CPU
		Release|Any CPU = Release|Any CPU
	EndGlobalSection
	GlobalSection(ProjectConfigurationPlatforms) = postSolution
		{708ACDFF-63DB-42C9-B94A-668EB2A9E80F}.Debug|Any CPU.ActiveCfg = Debug|Any CPU
		{708ACDFF-63DB-42C9-B94A-668EB2A9E80F}.Debug|Any CPU.Build.0 = Debug|Any CPU
		{708ACDFF-63DB-42C9-B94A-668EB2A9E80F}.Release|Any CPU.ActiveCfg = Release|Any CPU
		{708ACDFF-63DB-42C9-B94A-668EB2A9E80F}.Release|Any CPU.Build.0 = Release|Any CPU
		{E9003FDF-58F6-414A-A2BF-93FC90249A89}.Debug|Any CPU.ActiveCfg = Debug|Any CPU
		{E9003FDF-58F6-414A-A2BF-93FC90249A89}.Debug|Any CPU.Build.0 = Debug|Any CPU
		{E9003FDF-58F6-414A-A2BF-93FC90249A89}.Release|Any CPU.ActiveCfg = Release|Any CPU
		{E9003FDF-58F6-414A-A2BF-93FC90249A89}.Release|Any CPU.Build.0 = Release|Any CPU
		{B5030447-0A85-4402-AED5-E73691F7AE69}.Debug|Any CPU.ActiveCfg = Debug|Any CPU
		{B5030447-0A85-4402-AED5-E73691F7AE69}.Debug|Any CPU.Build.0 = Debug|Any CPU
		{B5030447-0A85-4402-AED5-E73691F7AE69}.Release|Any CPU.ActiveCfg = Release|Any CPU
		{B5030447-0A85-4402-AED5-E73691F7AE69}.Release|Any CPU.Build.0 = Release|Any CPU
		{264D41B8-19EC-4193-A570-8CAB15314006}.Debug|Any CPU.ActiveCfg = Debug|Any CPU
		{264D41B8-19EC-4193-A570-8CAB15314006}.Debug|Any CPU.Build.0 = Debug|Any CPU
		{264D41B8-19EC-4193-A570-8CAB15314006}.Release|Any CPU.ActiveCfg = Release|Any CPU
		{264D41B8-19EC-4193-A570-8CAB15314006}.Release|Any CPU.Build.0 = Release|Any CPU
	EndGlobalSection
	GlobalSection(SolutionProperties) = preSolution
		HideSolutionNode = FALSE
	EndGlobalSection
	GlobalSection(ExtensibilityGlobals) = postSolution
		SolutionGuid = {703DECBD-1357-47BF-8BEA-A43119422ED3}
	EndGlobalSection
EndGlobal
